
Microsoft Visual Studio Solution File, Format Version 12.00
# Visual Studio Version 17
VisualStudioVersion = 17.10.35004.147
MinimumVisualStudioVersion = 10.0.40219.1
Project("{FAE04EC0-301F-11D3-BF4B-00C04F79EFBC}") = "massivi3", "massivi3\massivi3.csproj", "{E9EE6931-DD37-49AE-97CA-1669B11ED368}"
EndProject
Global
	GlobalSection(SolutionConfigurationPlatforms) = preSolution
		Debug|Any CPU = Debug|Any CPU
		Release|Any CPU = Release|Any CPU
	EndGlobalSection
	GlobalSection(ProjectConfigurationPlatforms) = postSolution
		{E9EE6931-DD37-49AE-97CA-1669B11ED368}.Debug|Any CPU.ActiveCfg = Debug|Any CPU
		{E9EE6931-DD37-49AE-97CA-1669B11ED368}.Debug|Any CPU.Build.0 = Debug|Any CPU
		{E9EE6931-DD37-49AE-97CA-1669B11ED368}.Release|Any CPU.ActiveCfg = Release|Any CPU
		{E9EE6931-DD37-49AE-97CA-1669B11ED368}.Release|Any CPU.Build.0 = Release|Any CPU
	EndGlobalSection
	GlobalSection(SolutionProperties) = preSolution
		HideSolutionNode = FALSE
	EndGlobalSection
	GlobalSection(ExtensibilityGlobals) = postSolution
		SolutionGuid = {41E33D84-E4FF-469E-9047-90361C881FB6}
	EndGlobalSection
EndGlobal
